
Microsoft Visual Studio Solution File, Format Version 12.00
# Visual Studio Version 16
VisualStudioVersion = 16.0.31727.386
MinimumVisualStudioVersion = 10.0.40219.1
Project("{8BC9CEB8-8B4A-11D0-8D11-00A0C91BC942}") = "killdefender_bof", "killdefender_bof\killdefender_bof.vcxproj", "{19B48891-5CFC-4B57-9904-00D76DD51156}"
EndProject
Global
	GlobalSection(SolutionConfigurationPlatforms) = preSolution
		Debug|x64 = Debug|x64
		Debug|x86 = Debug|x86
		Release|x64 = Release|x64
		Release|x86 = Release|x86
	EndGlobalSection
	GlobalSection(ProjectConfigurationPlatforms) = postSolution
		{19B48891-5CFC-4B57-9904-00D76DD51156}.Debug|x64.ActiveCfg = Debug|x64
		{19B48891-5CFC-4B57-9904-00D76DD51156}.Debug|x64.Build.0 = Debug|x64
		{19B48891-5CFC-4B57-9904-00D76DD51156}.Debug|x86.ActiveCfg = Debug|Win32
		{19B48891-5CFC-4B57-9904-00D76DD51156}.Debug|x86.Build.0 = Debug|Win32
		{19B48891-5CFC-4B57-9904-00D76DD51156}.Release|x64.ActiveCfg = Release|x64
		{19B48891-5CFC-4B57-9904-00D76DD51156}.Release|x64.Build.0 = Release|x64
		{19B48891-5CFC-4B57-9904-00D76DD51156}.Release|x86.ActiveCfg = Release|Win32
		{19B48891-5CFC-4B57-9904-00D76DD51156}.Release|x86.Build.0 = Release|Win32
	EndGlobalSection
	GlobalSection(SolutionProperties) = preSolution
		HideSolutionNode = FALSE
	EndGlobalSection
	GlobalSection(ExtensibilityGlobals) = postSolution
		SolutionGuid = {7CC4782E-ABCA-42B8-951B-8BFEBAFF3387}
	EndGlobalSection
EndGlobal
